
Microsoft Visual Studio Solution File, Format Version 12.00
# Visual Studio 15
VisualStudioVersion = 15.0.26430.12
MinimumVisualStudioVersion = 10.0.40219.1
Project("{FAE04EC0-301F-11D3-BF4B-00C04F79EFBC}") = "NetFramework.UnitTests", "NetFramework.UnitTests\NetFramework.UnitTests.csproj", "{ACBCF9F6-E4BD-4877-A2B5-E2A672E24FE4}"
EndProject
Project("{FAE04EC0-301F-11D3-BF4B-00C04F79EFBC}") = "DotApiClient", "DotApiClient\DotApiClient.csproj", "{BFB9F727-2184-4EC6-8FC4-D0B096A36145}"
EndProject
Project("{FAE04EC0-301F-11D3-BF4B-00C04F79EFBC}") = "IntegrationTest.Server", "IntegrationTest.Server\IntegrationTest.Server.csproj", "{9FCBDEA2-2FB7-4DBF-86AA-630DF21EF586}"
EndProject
Project("{FAE04EC0-301F-11D3-BF4B-00C04F79EFBC}") = "IntegrationTest.Client", "IntegrationTest.Client\IntegrationTest.Client.csproj", "{17952E14-352A-4AA5-8434-0F6EDE118AE7}"
EndProject
Project("{2150E333-8FDC-42A3-9474-1A3956D46DE8}") = "Tests", "Tests", "{23C0B69D-E740-4F07-A1C4-B2CD0D781D6E}"
EndProject
Project("{2150E333-8FDC-42A3-9474-1A3956D46DE8}") = "Nugets", "Nugets", "{48F77B50-8706-4432-91D1-62102FF2184A}"
EndProject
Project("{FAE04EC0-301F-11D3-BF4B-00C04F79EFBC}") = "NuGet", "NuGet\NuGet.csproj", "{0451BAEF-DF2E-4B98-8644-94EE9415E389}"
EndProject
Project("{FAE04EC0-301F-11D3-BF4B-00C04F79EFBC}") = "NuGet.Local", "NuGet.Local\NuGet.Local.csproj", "{F7181627-FFF4-4DEB-8AFF-70A8358734F4}"
EndProject
Global
	GlobalSection(SolutionConfigurationPlatforms) = preSolution
		Debug|Any CPU = Debug|Any CPU
		Release|Any CPU = Release|Any CPU
	EndGlobalSection
	GlobalSection(ProjectConfigurationPlatforms) = postSolution
		{ACBCF9F6-E4BD-4877-A2B5-E2A672E24FE4}.Debug|Any CPU.ActiveCfg = Debug|Any CPU
		{ACBCF9F6-E4BD-4877-A2B5-E2A672E24FE4}.Debug|Any CPU.Build.0 = Debug|Any CPU
		{ACBCF9F6-E4BD-4877-A2B5-E2A672E24FE4}.Release|Any CPU.ActiveCfg = Release|Any CPU
		{ACBCF9F6-E4BD-4877-A2B5-E2A672E24FE4}.Release|Any CPU.Build.0 = Release|Any CPU
		{BFB9F727-2184-4EC6-8FC4-D0B096A36145}.Debug|Any CPU.ActiveCfg = Debug|Any CPU
		{BFB9F727-2184-4EC6-8FC4-D0B096A36145}.Debug|Any CPU.Build.0 = Debug|Any CPU
		{BFB9F727-2184-4EC6-8FC4-D0B096A36145}.Release|Any CPU.ActiveCfg = Release|Any CPU
		{BFB9F727-2184-4EC6-8FC4-D0B096A36145}.Release|Any CPU.Build.0 = Release|Any CPU
		{9FCBDEA2-2FB7-4DBF-86AA-630DF21EF586}.Debug|Any CPU.ActiveCfg = Debug|Any CPU
		{9FCBDEA2-2FB7-4DBF-86AA-630DF21EF586}.Debug|Any CPU.Build.0 = Debug|Any CPU
		{9FCBDEA2-2FB7-4DBF-86AA-630DF21EF586}.Release|Any CPU.ActiveCfg = Release|Any CPU
		{9FCBDEA2-2FB7-4DBF-86AA-630DF21EF586}.Release|Any CPU.Build.0 = Release|Any CPU
		{17952E14-352A-4AA5-8434-0F6EDE118AE7}.Debug|Any CPU.ActiveCfg = Debug|Any CPU
		{17952E14-352A-4AA5-8434-0F6EDE118AE7}.Debug|Any CPU.Build.0 = Debug|Any CPU
		{17952E14-352A-4AA5-8434-0F6EDE118AE7}.Release|Any CPU.ActiveCfg = Release|Any CPU
		{17952E14-352A-4AA5-8434-0F6EDE118AE7}.Release|Any CPU.Build.0 = Release|Any CPU
		{0451BAEF-DF2E-4B98-8644-94EE9415E389}.Debug|Any CPU.ActiveCfg = Debug|Any CPU
		{0451BAEF-DF2E-4B98-8644-94EE9415E389}.Debug|Any CPU.Build.0 = Debug|Any CPU
		{0451BAEF-DF2E-4B98-8644-94EE9415E389}.Release|Any CPU.ActiveCfg = Release|Any CPU
		{0451BAEF-DF2E-4B98-8644-94EE9415E389}.Release|Any CPU.Build.0 = Release|Any CPU
		{F7181627-FFF4-4DEB-8AFF-70A8358734F4}.Debug|Any CPU.ActiveCfg = Debug|Any CPU
		{F7181627-FFF4-4DEB-8AFF-70A8358734F4}.Debug|Any CPU.Build.0 = Debug|Any CPU
		{F7181627-FFF4-4DEB-8AFF-70A8358734F4}.Release|Any CPU.ActiveCfg = Release|Any CPU
		{F7181627-FFF4-4DEB-8AFF-70A8358734F4}.Release|Any CPU.Build.0 = Release|Any CPU
	EndGlobalSection
	GlobalSection(SolutionProperties) = preSolution
		HideSolutionNode = FALSE
	EndGlobalSection
	GlobalSection(NestedProjects) = preSolution
		{ACBCF9F6-E4BD-4877-A2B5-E2A672E24FE4} = {23C0B69D-E740-4F07-A1C4-B2CD0D781D6E}
		{9FCBDEA2-2FB7-4DBF-86AA-630DF21EF586} = {23C0B69D-E740-4F07-A1C4-B2CD0D781D6E}
		{17952E14-352A-4AA5-8434-0F6EDE118AE7} = {23C0B69D-E740-4F07-A1C4-B2CD0D781D6E}
		{0451BAEF-DF2E-4B98-8644-94EE9415E389} = {48F77B50-8706-4432-91D1-62102FF2184A}
		{F7181627-FFF4-4DEB-8AFF-70A8358734F4} = {48F77B50-8706-4432-91D1-62102FF2184A}
	EndGlobalSection
EndGlobal
