
Microsoft Visual Studio Solution File, Format Version 12.00
# Visual Studio Version 16
VisualStudioVersion = 16.0.29806.167
MinimumVisualStudioVersion = 10.0.40219.1
Project("{9A19103F-16F7-4668-BE54-9A1E7A4F7556}") = "UnitTests", "UnitTests\UnitTests.csproj", "{E3E941CC-3322-43BC-9688-FD0E87073C6C}"
EndProject
Project("{9A19103F-16F7-4668-BE54-9A1E7A4F7556}") = "TestServer", "TestServer\TestServer.csproj", "{615F7DED-B255-4D79-81B0-D8CB7A3D9672}"
EndProject
Project("{9A19103F-16F7-4668-BE54-9A1E7A4F7556}") = "IntegrationTests", "IntegrationTests\IntegrationTests.csproj", "{37D60C3E-F6EE-4FDE-B947-739C20620A80}"
EndProject
Project("{9A19103F-16F7-4668-BE54-9A1E7A4F7556}") = "MyLab.ApiClient", "MyLab.ApiClient\MyLab.ApiClient.csproj", "{039F37B5-6AF5-4BA7-954F-124566CB92DE}"
EndProject
Global
	GlobalSection(SolutionConfigurationPlatforms) = preSolution
		Debug|Any CPU = Debug|Any CPU
		Release|Any CPU = Release|Any CPU
	EndGlobalSection
	GlobalSection(ProjectConfigurationPlatforms) = postSolution
		{E3E941CC-3322-43BC-9688-FD0E87073C6C}.Debug|Any CPU.ActiveCfg = Debug|Any CPU
		{E3E941CC-3322-43BC-9688-FD0E87073C6C}.Debug|Any CPU.Build.0 = Debug|Any CPU
		{E3E941CC-3322-43BC-9688-FD0E87073C6C}.Release|Any CPU.ActiveCfg = Release|Any CPU
		{E3E941CC-3322-43BC-9688-FD0E87073C6C}.Release|Any CPU.Build.0 = Release|Any CPU
		{615F7DED-B255-4D79-81B0-D8CB7A3D9672}.Debug|Any CPU.ActiveCfg = Debug|Any CPU
		{615F7DED-B255-4D79-81B0-D8CB7A3D9672}.Debug|Any CPU.Build.0 = Debug|Any CPU
		{615F7DED-B255-4D79-81B0-D8CB7A3D9672}.Release|Any CPU.ActiveCfg = Release|Any CPU
		{615F7DED-B255-4D79-81B0-D8CB7A3D9672}.Release|Any CPU.Build.0 = Release|Any CPU
		{37D60C3E-F6EE-4FDE-B947-739C20620A80}.Debug|Any CPU.ActiveCfg = Debug|Any CPU
		{37D60C3E-F6EE-4FDE-B947-739C20620A80}.Debug|Any CPU.Build.0 = Debug|Any CPU
		{37D60C3E-F6EE-4FDE-B947-739C20620A80}.Release|Any CPU.ActiveCfg = Release|Any CPU
		{37D60C3E-F6EE-4FDE-B947-739C20620A80}.Release|Any CPU.Build.0 = Release|Any CPU
		{039F37B5-6AF5-4BA7-954F-124566CB92DE}.Debug|Any CPU.ActiveCfg = Debug|Any CPU
		{039F37B5-6AF5-4BA7-954F-124566CB92DE}.Debug|Any CPU.Build.0 = Debug|Any CPU
		{039F37B5-6AF5-4BA7-954F-124566CB92DE}.Release|Any CPU.ActiveCfg = Release|Any CPU
		{039F37B5-6AF5-4BA7-954F-124566CB92DE}.Release|Any CPU.Build.0 = Release|Any CPU
	EndGlobalSection
	GlobalSection(SolutionProperties) = preSolution
		HideSolutionNode = FALSE
	EndGlobalSection
	GlobalSection(ExtensibilityGlobals) = postSolution
		SolutionGuid = {F10EA4F0-469D-4E30-B1EA-FCFCD5638F63}
	EndGlobalSection
EndGlobal
